// !$*UTF8*$!
{
	archiveVersion = 1;
	classes = {
	};
	objectVersion = 55;
	objects = {

/* Begin PBXBuildFile section */
		1F12FA0C285EEA4A006074A4 /* WorkersInfoScreen.storyboard in Resources */ = {isa = PBXBuildFile; fileRef = 1F12FA0B285EEA4A006074A4 /* WorkersInfoScreen.storyboard */; };
		1F12FA0E285EED7C006074A4 /* CommonInfoScreen.storyboard in Resources */ = {isa = PBXBuildFile; fileRef = 1F12FA0D285EED7C006074A4 /* CommonInfoScreen.storyboard */; };
		1F12FA10285EF899006074A4 /* WorkersInfoViewController.swift in Sources */ = {isa = PBXBuildFile; fileRef = 1F12FA0F285EF899006074A4 /* WorkersInfoViewController.swift */; };
		1F12FA12285EF8BA006074A4 /* WorkersInfoViewModel.swift in Sources */ = {isa = PBXBuildFile; fileRef = 1F12FA11285EF8BA006074A4 /* WorkersInfoViewModel.swift */; };
		1F12FA14285F111B006074A4 /* CoinPickerViewController.swift in Sources */ = {isa = PBXBuildFile; fileRef = 1F12FA13285F111B006074A4 /* CoinPickerViewController.swift */; };
		1F5BF262282A9EE8004E0348 /* ReactiveMapKit.xcframework in Frameworks */ = {isa = PBXBuildFile; fileRef = 1F5BF25F282A9EE8004E0348 /* ReactiveMapKit.xcframework */; };
		1F5BF263282A9EE8004E0348 /* ReactiveMapKit.xcframework in Embed Frameworks */ = {isa = PBXBuildFile; fileRef = 1F5BF25F282A9EE8004E0348 /* ReactiveMapKit.xcframework */; settings = {ATTRIBUTES = (CodeSignOnCopy, RemoveHeadersOnCopy, ); }; };
		1F5BF264282A9EE8004E0348 /* ReactiveSwift.xcframework in Frameworks */ = {isa = PBXBuildFile; fileRef = 1F5BF260282A9EE8004E0348 /* ReactiveSwift.xcframework */; };
		1F5BF265282A9EE8004E0348 /* ReactiveSwift.xcframework in Embed Frameworks */ = {isa = PBXBuildFile; fileRef = 1F5BF260282A9EE8004E0348 /* ReactiveSwift.xcframework */; settings = {ATTRIBUTES = (CodeSignOnCopy, RemoveHeadersOnCopy, ); }; };
		1F5BF266282A9EE8004E0348 /* ReactiveCocoa.xcframework in Frameworks */ = {isa = PBXBuildFile; fileRef = 1F5BF261282A9EE8004E0348 /* ReactiveCocoa.xcframework */; };
		1F5BF267282A9EE8004E0348 /* ReactiveCocoa.xcframework in Embed Frameworks */ = {isa = PBXBuildFile; fileRef = 1F5BF261282A9EE8004E0348 /* ReactiveCocoa.xcframework */; settings = {ATTRIBUTES = (CodeSignOnCopy, RemoveHeadersOnCopy, ); }; };
		1F5BF26B282A9FBD004E0348 /* Moya in Frameworks */ = {isa = PBXBuildFile; productRef = 1F5BF26A282A9FBD004E0348 /* Moya */; };
		1F5BF26D282A9FBD004E0348 /* ReactiveMoya in Frameworks */ = {isa = PBXBuildFile; productRef = 1F5BF26C282A9FBD004E0348 /* ReactiveMoya */; };
		1F5BF26F282AA17C004E0348 /* CommonInfoViewModel.swift in Sources */ = {isa = PBXBuildFile; fileRef = 1F5BF26E282AA17C004E0348 /* CommonInfoViewModel.swift */; };
		1F5BF271282AA191004E0348 /* NetworkManager.swift in Sources */ = {isa = PBXBuildFile; fileRef = 1F5BF270282AA191004E0348 /* NetworkManager.swift */; };
		1F5BF27F282AA518004E0348 /* NetworkService.swift in Sources */ = {isa = PBXBuildFile; fileRef = 1F5BF27E282AA518004E0348 /* NetworkService.swift */; };
		1F908628282FD1F800CD32F5 /* CommonInfoResponse.swift in Sources */ = {isa = PBXBuildFile; fileRef = 1F908627282FD1F800CD32F5 /* CommonInfoResponse.swift */; };
		1FD3C22B282A7F3A00076FC8 /* AppDelegate.swift in Sources */ = {isa = PBXBuildFile; fileRef = 1FD3C22A282A7F3A00076FC8 /* AppDelegate.swift */; };
		1FD3C22D282A7F3A00076FC8 /* SceneDelegate.swift in Sources */ = {isa = PBXBuildFile; fileRef = 1FD3C22C282A7F3A00076FC8 /* SceneDelegate.swift */; };
		1FD3C22F282A7F3A00076FC8 /* CommonInfoViewController.swift in Sources */ = {isa = PBXBuildFile; fileRef = 1FD3C22E282A7F3A00076FC8 /* CommonInfoViewController.swift */; };
		1FD3C232282A7F3A00076FC8 /* Main.storyboard in Resources */ = {isa = PBXBuildFile; fileRef = 1FD3C230282A7F3A00076FC8 /* Main.storyboard */; };
		1FD3C234282A7F3C00076FC8 /* Assets.xcassets in Resources */ = {isa = PBXBuildFile; fileRef = 1FD3C233282A7F3C00076FC8 /* Assets.xcassets */; };
		1FD3C237282A7F3C00076FC8 /* LaunchScreen.storyboard in Resources */ = {isa = PBXBuildFile; fileRef = 1FD3C235282A7F3C00076FC8 /* LaunchScreen.storyboard */; };
		1FE24D19284C9B6A00AA01E0 /* WorkerInfoResponse.swift in Sources */ = {isa = PBXBuildFile; fileRef = 1FE24D18284C9B6A00AA01E0 /* WorkerInfoResponse.swift */; };
/* End PBXBuildFile section */

/* Begin PBXCopyFilesBuildPhase section */
		1F5BF268282A9EE8004E0348 /* Embed Frameworks */ = {
			isa = PBXCopyFilesBuildPhase;
			buildActionMask = 2147483647;
			dstPath = "";
			dstSubfolderSpec = 10;
			files = (
				1F5BF265282A9EE8004E0348 /* ReactiveSwift.xcframework in Embed Frameworks */,
				1F5BF267282A9EE8004E0348 /* ReactiveCocoa.xcframework in Embed Frameworks */,
				1F5BF263282A9EE8004E0348 /* ReactiveMapKit.xcframework in Embed Frameworks */,
			);
			name = "Embed Frameworks";
			runOnlyForDeploymentPostprocessing = 0;
		};
/* End PBXCopyFilesBuildPhase section */

/* Begin PBXFileReference section */
		1F12FA0B285EEA4A006074A4 /* WorkersInfoScreen.storyboard */ = {isa = PBXFileReference; lastKnownFileType = file.storyboard; path = WorkersInfoScreen.storyboard; sourceTree = "<group>"; };
		1F12FA0D285EED7C006074A4 /* CommonInfoScreen.storyboard */ = {isa = PBXFileReference; lastKnownFileType = file.storyboard; path = CommonInfoScreen.storyboard; sourceTree = "<group>"; };
		1F12FA0F285EF899006074A4 /* WorkersInfoViewController.swift */ = {isa = PBXFileReference; lastKnownFileType = sourcecode.swift; path = WorkersInfoViewController.swift; sourceTree = "<group>"; };
		1F12FA11285EF8BA006074A4 /* WorkersInfoViewModel.swift */ = {isa = PBXFileReference; lastKnownFileType = sourcecode.swift; path = WorkersInfoViewModel.swift; sourceTree = "<group>"; };
		1F12FA13285F111B006074A4 /* CoinPickerViewController.swift */ = {isa = PBXFileReference; lastKnownFileType = sourcecode.swift; path = CoinPickerViewController.swift; sourceTree = "<group>"; };
		1F5BF25F282A9EE8004E0348 /* ReactiveMapKit.xcframework */ = {isa = PBXFileReference; lastKnownFileType = wrapper.xcframework; name = ReactiveMapKit.xcframework; path = Carthage/Build/ReactiveMapKit.xcframework; sourceTree = "<group>"; };
		1F5BF260282A9EE8004E0348 /* ReactiveSwift.xcframework */ = {isa = PBXFileReference; lastKnownFileType = wrapper.xcframework; name = ReactiveSwift.xcframework; path = Carthage/Build/ReactiveSwift.xcframework; sourceTree = "<group>"; };
		1F5BF261282A9EE8004E0348 /* ReactiveCocoa.xcframework */ = {isa = PBXFileReference; lastKnownFileType = wrapper.xcframework; name = ReactiveCocoa.xcframework; path = Carthage/Build/ReactiveCocoa.xcframework; sourceTree = "<group>"; };
		1F5BF26E282AA17C004E0348 /* CommonInfoViewModel.swift */ = {isa = PBXFileReference; lastKnownFileType = sourcecode.swift; path = CommonInfoViewModel.swift; sourceTree = "<group>"; };
		1F5BF270282AA191004E0348 /* NetworkManager.swift */ = {isa = PBXFileReference; lastKnownFileType = sourcecode.swift; path = NetworkManager.swift; sourceTree = "<group>"; };
		1F5BF27E282AA518004E0348 /* NetworkService.swift */ = {isa = PBXFileReference; lastKnownFileType = sourcecode.swift; path = NetworkService.swift; sourceTree = "<group>"; };
		1F908627282FD1F800CD32F5 /* CommonInfoResponse.swift */ = {isa = PBXFileReference; lastKnownFileType = sourcecode.swift; path = CommonInfoResponse.swift; sourceTree = "<group>"; };
		1FD3C227282A7F3A00076FC8 /* EMCDtestApiAPP.app */ = {isa = PBXFileReference; explicitFileType = wrapper.application; includeInIndex = 0; path = EMCDtestApiAPP.app; sourceTree = BUILT_PRODUCTS_DIR; };
		1FD3C22A282A7F3A00076FC8 /* AppDelegate.swift */ = {isa = PBXFileReference; lastKnownFileType = sourcecode.swift; path = AppDelegate.swift; sourceTree = "<group>"; };
		1FD3C22C282A7F3A00076FC8 /* SceneDelegate.swift */ = {isa = PBXFileReference; lastKnownFileType = sourcecode.swift; path = SceneDelegate.swift; sourceTree = "<group>"; };
		1FD3C22E282A7F3A00076FC8 /* CommonInfoViewController.swift */ = {isa = PBXFileReference; lastKnownFileType = sourcecode.swift; path = CommonInfoViewController.swift; sourceTree = "<group>"; };
		1FD3C231282A7F3A00076FC8 /* Base */ = {isa = PBXFileReference; lastKnownFileType = file.storyboard; name = Base; path = Base.lproj/Main.storyboard; sourceTree = "<group>"; };
		1FD3C233282A7F3C00076FC8 /* Assets.xcassets */ = {isa = PBXFileReference; lastKnownFileType = folder.assetcatalog; path = Assets.xcassets; sourceTree = "<group>"; };
		1FD3C236282A7F3C00076FC8 /* Base */ = {isa = PBXFileReference; lastKnownFileType = file.storyboard; name = Base; path = Base.lproj/LaunchScreen.storyboard; sourceTree = "<group>"; };
		1FD3C238282A7F3C00076FC8 /* Info.plist */ = {isa = PBXFileReference; lastKnownFileType = text.plist.xml; path = Info.plist; sourceTree = "<group>"; };
		1FE24D18284C9B6A00AA01E0 /* WorkerInfoResponse.swift */ = {isa = PBXFileReference; lastKnownFileType = sourcecode.swift; path = WorkerInfoResponse.swift; sourceTree = "<group>"; };
/* End PBXFileReference section */

/* Begin PBXFrameworksBuildPhase section */
		1FD3C224282A7F3A00076FC8 /* Frameworks */ = {
			isa = PBXFrameworksBuildPhase;
			buildActionMask = 2147483647;
			files = (
				1F5BF264282A9EE8004E0348 /* ReactiveSwift.xcframework in Frameworks */,
				1F5BF266282A9EE8004E0348 /* ReactiveCocoa.xcframework in Frameworks */,
				1F5BF26B282A9FBD004E0348 /* Moya in Frameworks */,
				1F5BF26D282A9FBD004E0348 /* ReactiveMoya in Frameworks */,
				1F5BF262282A9EE8004E0348 /* ReactiveMapKit.xcframework in Frameworks */,
			);
			runOnlyForDeploymentPostprocessing = 0;
		};
/* End PBXFrameworksBuildPhase section */

/* Begin PBXGroup section */
		1F12FA0A285EEA31006074A4 /* WorkersInfoScreen */ = {
			isa = PBXGroup;
			children = (
				1F12FA0B285EEA4A006074A4 /* WorkersInfoScreen.storyboard */,
				1F12FA0F285EF899006074A4 /* WorkersInfoViewController.swift */,
				1F12FA11285EF8BA006074A4 /* WorkersInfoViewModel.swift */,
				1F12FA13285F111B006074A4 /* CoinPickerViewController.swift */,
			);
			path = WorkersInfoScreen;
			sourceTree = "<group>";
		};
		1F5BF25E282A9EE8004E0348 /* Frameworks */ = {
			isa = PBXGroup;
			children = (
				1F5BF261282A9EE8004E0348 /* ReactiveCocoa.xcframework */,
				1F5BF25F282A9EE8004E0348 /* ReactiveMapKit.xcframework */,
				1F5BF260282A9EE8004E0348 /* ReactiveSwift.xcframework */,
			);
			name = Frameworks;
			sourceTree = "<group>";
		};
		1F5BF27D282AA4FE004E0348 /* Networking */ = {
			isa = PBXGroup;
			children = (
				1FE24D17284B38D100AA01E0 /* Data */,
				1F5BF270282AA191004E0348 /* NetworkManager.swift */,
				1F5BF27E282AA518004E0348 /* NetworkService.swift */,
			);
			path = Networking;
			sourceTree = "<group>";
		};
		1FD3C21E282A7F3A00076FC8 = {
			isa = PBXGroup;
			children = (
				1FD3C229282A7F3A00076FC8 /* EMCDtestApiAPP */,
				1FD3C228282A7F3A00076FC8 /* Products */,
				1F5BF25E282A9EE8004E0348 /* Frameworks */,
			);
			sourceTree = "<group>";
		};
		1FD3C228282A7F3A00076FC8 /* Products */ = {
			isa = PBXGroup;
			children = (
				1FD3C227282A7F3A00076FC8 /* EMCDtestApiAPP.app */,
			);
			name = Products;
			sourceTree = "<group>";
		};
		1FD3C229282A7F3A00076FC8 /* EMCDtestApiAPP */ = {
			isa = PBXGroup;
			children = (
				1F12FA0A285EEA31006074A4 /* WorkersInfoScreen */,
				1FE24D16284B383E00AA01E0 /* CommonInfoScreen */,
				1FD3C22A282A7F3A00076FC8 /* AppDelegate.swift */,
				1FD3C230282A7F3A00076FC8 /* Main.storyboard */,
				1FD3C22C282A7F3A00076FC8 /* SceneDelegate.swift */,
				1F5BF27D282AA4FE004E0348 /* Networking */,
				1FD3C233282A7F3C00076FC8 /* Assets.xcassets */,
				1FD3C235282A7F3C00076FC8 /* LaunchScreen.storyboard */,
				1FD3C238282A7F3C00076FC8 /* Info.plist */,
			);
			path = EMCDtestApiAPP;
			sourceTree = "<group>";
		};
		1FE24D16284B383E00AA01E0 /* CommonInfoScreen */ = {
			isa = PBXGroup;
			children = (
				1F5BF26E282AA17C004E0348 /* CommonInfoViewModel.swift */,
				1FD3C22E282A7F3A00076FC8 /* CommonInfoViewController.swift */,
				1F12FA0D285EED7C006074A4 /* CommonInfoScreen.storyboard */,
			);
			path = CommonInfoScreen;
			sourceTree = "<group>";
		};
		1FE24D17284B38D100AA01E0 /* Data */ = {
			isa = PBXGroup;
			children = (
				1F908627282FD1F800CD32F5 /* CommonInfoResponse.swift */,
				1FE24D18284C9B6A00AA01E0 /* WorkerInfoResponse.swift */,
			);
			path = Data;
			sourceTree = "<group>";
		};
/* End PBXGroup section */

/* Begin PBXNativeTarget section */
		1FD3C226282A7F3A00076FC8 /* EMCDtestApiAPP */ = {
			isa = PBXNativeTarget;
			buildConfigurationList = 1FD3C23B282A7F3C00076FC8 /* Build configuration list for PBXNativeTarget "EMCDtestApiAPP" */;
			buildPhases = (
				1FD3C223282A7F3A00076FC8 /* Sources */,
				1FD3C224282A7F3A00076FC8 /* Frameworks */,
				1FD3C225282A7F3A00076FC8 /* Resources */,
				1F5BF268282A9EE8004E0348 /* Embed Frameworks */,
			);
			buildRules = (
			);
			dependencies = (
			);
			name = EMCDtestApiAPP;
			packageProductDependencies = (
				1F5BF26A282A9FBD004E0348 /* Moya */,
				1F5BF26C282A9FBD004E0348 /* ReactiveMoya */,
			);
			productName = EMCDtestApiAPP;
			productReference = 1FD3C227282A7F3A00076FC8 /* EMCDtestApiAPP.app */;
			productType = "com.apple.product-type.application";
		};
/* End PBXNativeTarget section */

/* Begin PBXProject section */
		1FD3C21F282A7F3A00076FC8 /* Project object */ = {
			isa = PBXProject;
			attributes = {
				BuildIndependentTargetsInParallel = 1;
				LastSwiftUpdateCheck = 1310;
				LastUpgradeCheck = 1310;
				TargetAttributes = {
					1FD3C226282A7F3A00076FC8 = {
						CreatedOnToolsVersion = 13.1;
					};
				};
			};
			buildConfigurationList = 1FD3C222282A7F3A00076FC8 /* Build configuration list for PBXProject "EMCDtestApiAPP" */;
			compatibilityVersion = "Xcode 13.0";
			developmentRegion = en;
			hasScannedForEncodings = 0;
			knownRegions = (
				en,
				Base,
			);
			mainGroup = 1FD3C21E282A7F3A00076FC8;
			packageReferences = (
				1F5BF269282A9FBD004E0348 /* XCRemoteSwiftPackageReference "Moya" */,
			);
			productRefGroup = 1FD3C228282A7F3A00076FC8 /* Products */;
			projectDirPath = "";
			projectRoot = "";
			targets = (
				1FD3C226282A7F3A00076FC8 /* EMCDtestApiAPP */,
			);
		};
/* End PBXProject section */

/* Begin PBXResourcesBuildPhase section */
		1FD3C225282A7F3A00076FC8 /* Resources */ = {
			isa = PBXResourcesBuildPhase;
			buildActionMask = 2147483647;
			files = (
				1F12FA0C285EEA4A006074A4 /* WorkersInfoScreen.storyboard in Resources */,
				1FD3C237282A7F3C00076FC8 /* LaunchScreen.storyboard in Resources */,
				1FD3C234282A7F3C00076FC8 /* Assets.xcassets in Resources */,
				1FD3C232282A7F3A00076FC8 /* Main.storyboard in Resources */,
				1F12FA0E285EED7C006074A4 /* CommonInfoScreen.storyboard in Resources */,
			);
			runOnlyForDeploymentPostprocessing = 0;
		};
/* End PBXResourcesBuildPhase section */

/* Begin PBXSourcesBuildPhase section */
		1FD3C223282A7F3A00076FC8 /* Sources */ = {
			isa = PBXSourcesBuildPhase;
			buildActionMask = 2147483647;
			files = (
				1FE24D19284C9B6A00AA01E0 /* WorkerInfoResponse.swift in Sources */,
				1F12FA14285F111B006074A4 /* CoinPickerViewController.swift in Sources */,
				1F12FA10285EF899006074A4 /* WorkersInfoViewController.swift in Sources */,
				1F12FA12285EF8BA006074A4 /* WorkersInfoViewModel.swift in Sources */,
				1F908628282FD1F800CD32F5 /* CommonInfoResponse.swift in Sources */,
				1FD3C22F282A7F3A00076FC8 /* CommonInfoViewController.swift in Sources */,
				1FD3C22B282A7F3A00076FC8 /* AppDelegate.swift in Sources */,
				1F5BF271282AA191004E0348 /* NetworkManager.swift in Sources */,
				1F5BF26F282AA17C004E0348 /* CommonInfoViewModel.swift in Sources */,
				1F5BF27F282AA518004E0348 /* NetworkService.swift in Sources */,
				1FD3C22D282A7F3A00076FC8 /* SceneDelegate.swift in Sources */,
			);
			runOnlyForDeploymentPostprocessing = 0;
		};
/* End PBXSourcesBuildPhase section */

/* Begin PBXVariantGroup section */
		1FD3C230282A7F3A00076FC8 /* Main.storyboard */ = {
			isa = PBXVariantGroup;
			children = (
				1FD3C231282A7F3A00076FC8 /* Base */,
			);
			name = Main.storyboard;
			sourceTree = "<group>";
		};
		1FD3C235282A7F3C00076FC8 /* LaunchScreen.storyboard */ = {
			isa = PBXVariantGroup;
			children = (
				1FD3C236282A7F3C00076FC8 /* Base */,
			);
			name = LaunchScreen.storyboard;
			sourceTree = "<group>";
		};
/* End PBXVariantGroup section */

/* Begin XCBuildConfiguration section */
		1FD3C239282A7F3C00076FC8 /* Debug */ = {
			isa = XCBuildConfiguration;
			buildSettings = {
				ALWAYS_SEARCH_USER_PATHS = NO;
				CLANG_ANALYZER_NONNULL = YES;
				CLANG_ANALYZER_NUMBER_OBJECT_CONVERSION = YES_AGGRESSIVE;
				CLANG_CXX_LANGUAGE_STANDARD = "gnu++17";
				CLANG_CXX_LIBRARY = "libc++";
				CLANG_ENABLE_MODULES = YES;
				CLANG_ENABLE_OBJC_ARC = YES;
				CLANG_ENABLE_OBJC_WEAK = YES;
				CLANG_WARN_BLOCK_CAPTURE_AUTORELEASING = YES;
				CLANG_WARN_BOOL_CONVERSION = YES;
				CLANG_WARN_COMMA = YES;
				CLANG_WARN_CONSTANT_CONVERSION = YES;
				CLANG_WARN_DEPRECATED_OBJC_IMPLEMENTATIONS = YES;
				CLANG_WARN_DIRECT_OBJC_ISA_USAGE = YES_ERROR;
				CLANG_WARN_DOCUMENTATION_COMMENTS = YES;
				CLANG_WARN_EMPTY_BODY = YES;
				CLANG_WARN_ENUM_CONVERSION = YES;
				CLANG_WARN_INFINITE_RECURSION = YES;
				CLANG_WARN_INT_CONVERSION = YES;
				CLANG_WARN_NON_LITERAL_NULL_CONVERSION = YES;
				CLANG_WARN_OBJC_IMPLICIT_RETAIN_SELF = YES;
				CLANG_WARN_OBJC_LITERAL_CONVERSION = YES;
				CLANG_WARN_OBJC_ROOT_CLASS = YES_ERROR;
				CLANG_WARN_QUOTED_INCLUDE_IN_FRAMEWORK_HEADER = YES;
				CLANG_WARN_RANGE_LOOP_ANALYSIS = YES;
				CLANG_WARN_STRICT_PROTOTYPES = YES;
				CLANG_WARN_SUSPICIOUS_MOVE = YES;
				CLANG_WARN_UNGUARDED_AVAILABILITY = YES_AGGRESSIVE;
				CLANG_WARN_UNREACHABLE_CODE = YES;
				CLANG_WARN__DUPLICATE_METHOD_MATCH = YES;
				COPY_PHASE_STRIP = NO;
				DEBUG_INFORMATION_FORMAT = dwarf;
				ENABLE_STRICT_OBJC_MSGSEND = YES;
				ENABLE_TESTABILITY = YES;
				GCC_C_LANGUAGE_STANDARD = gnu11;
				GCC_DYNAMIC_NO_PIC = NO;
				GCC_NO_COMMON_BLOCKS = YES;
				GCC_OPTIMIZATION_LEVEL = 0;
				GCC_PREPROCESSOR_DEFINITIONS = (
					"DEBUG=1",
					"$(inherited)",
				);
				GCC_WARN_64_TO_32_BIT_CONVERSION = YES;
				GCC_WARN_ABOUT_RETURN_TYPE = YES_ERROR;
				GCC_WARN_UNDECLARED_SELECTOR = YES;
				GCC_WARN_UNINITIALIZED_AUTOS = YES_AGGRESSIVE;
				GCC_WARN_UNUSED_FUNCTION = YES;
				GCC_WARN_UNUSED_VARIABLE = YES;
				IPHONEOS_DEPLOYMENT_TARGET = 15.0;
				MTL_ENABLE_DEBUG_INFO = INCLUDE_SOURCE;
				MTL_FAST_MATH = YES;
				ONLY_ACTIVE_ARCH = YES;
				SDKROOT = iphoneos;
				SWIFT_ACTIVE_COMPILATION_CONDITIONS = DEBUG;
				SWIFT_OPTIMIZATION_LEVEL = "-Onone";
			};
			name = Debug;
		};
		1FD3C23A282A7F3C00076FC8 /* Release */ = {
			isa = XCBuildConfiguration;
			buildSettings = {
				ALWAYS_SEARCH_USER_PATHS = NO;
				CLANG_ANALYZER_NONNULL = YES;
				CLANG_ANALYZER_NUMBER_OBJECT_CONVERSION = YES_AGGRESSIVE;
				CLANG_CXX_LANGUAGE_STANDARD = "gnu++17";
				CLANG_CXX_LIBRARY = "libc++";
				CLANG_ENABLE_MODULES = YES;
				CLANG_ENABLE_OBJC_ARC = YES;
				CLANG_ENABLE_OBJC_WEAK = YES;
				CLANG_WARN_BLOCK_CAPTURE_AUTORELEASING = YES;
				CLANG_WARN_BOOL_CONVERSION = YES;
				CLANG_WARN_COMMA = YES;
				CLANG_WARN_CONSTANT_CONVERSION = YES;
				CLANG_WARN_DEPRECATED_OBJC_IMPLEMENTATIONS = YES;
				CLANG_WARN_DIRECT_OBJC_ISA_USAGE = YES_ERROR;
				CLANG_WARN_DOCUMENTATION_COMMENTS = YES;
				CLANG_WARN_EMPTY_BODY = YES;
				CLANG_WARN_ENUM_CONVERSION = YES;
				CLANG_WARN_INFINITE_RECURSION = YES;
				CLANG_WARN_INT_CONVERSION = YES;
				CLANG_WARN_NON_LITERAL_NULL_CONVERSION = YES;
				CLANG_WARN_OBJC_IMPLICIT_RETAIN_SELF = YES;
				CLANG_WARN_OBJC_LITERAL_CONVERSION = YES;
				CLANG_WARN_OBJC_ROOT_CLASS = YES_ERROR;
				CLANG_WARN_QUOTED_INCLUDE_IN_FRAMEWORK_HEADER = YES;
				CLANG_WARN_RANGE_LOOP_ANALYSIS = YES;
				CLANG_WARN_STRICT_PROTOTYPES = YES;
				CLANG_WARN_SUSPICIOUS_MOVE = YES;
				CLANG_WARN_UNGUARDED_AVAILABILITY = YES_AGGRESSIVE;
				CLANG_WARN_UNREACHABLE_CODE = YES;
				CLANG_WARN__DUPLICATE_METHOD_MATCH = YES;
				COPY_PHASE_STRIP = NO;
				DEBUG_INFORMATION_FORMAT = "dwarf-with-dsym";
				ENABLE_NS_ASSERTIONS = NO;
				ENABLE_STRICT_OBJC_MSGSEND = YES;
				GCC_C_LANGUAGE_STANDARD = gnu11;
				GCC_NO_COMMON_BLOCKS = YES;
				GCC_WARN_64_TO_32_BIT_CONVERSION = YES;
				GCC_WARN_ABOUT_RETURN_TYPE = YES_ERROR;
				GCC_WARN_UNDECLARED_SELECTOR = YES;
				GCC_WARN_UNINITIALIZED_AUTOS = YES_AGGRESSIVE;
				GCC_WARN_UNUSED_FUNCTION = YES;
				GCC_WARN_UNUSED_VARIABLE = YES;
				IPHONEOS_DEPLOYMENT_TARGET = 15.0;
				MTL_ENABLE_DEBUG_INFO = NO;
				MTL_FAST_MATH = YES;
				SDKROOT = iphoneos;
				SWIFT_COMPILATION_MODE = wholemodule;
				SWIFT_OPTIMIZATION_LEVEL = "-O";
				VALIDATE_PRODUCT = YES;
			};
			name = Release;
		};
		1FD3C23C282A7F3C00076FC8 /* Debug */ = {
			isa = XCBuildConfiguration;
			buildSettings = {
				ASSETCATALOG_COMPILER_APPICON_NAME = AppIcon;
				ASSETCATALOG_COMPILER_GLOBAL_ACCENT_COLOR_NAME = AccentColor;
				CODE_SIGN_STYLE = Automatic;
				CURRENT_PROJECT_VERSION = 1;
				DEVELOPMENT_TEAM = 98475HPPFS;
				GENERATE_INFOPLIST_FILE = YES;
				INFOPLIST_FILE = EMCDtestApiAPP/Info.plist;
				INFOPLIST_KEY_UIApplicationSupportsIndirectInputEvents = YES;
				INFOPLIST_KEY_UILaunchStoryboardName = LaunchScreen;
				INFOPLIST_KEY_UIMainStoryboardFile = Main;
				INFOPLIST_KEY_UISupportedInterfaceOrientations_iPad = "UIInterfaceOrientationPortrait UIInterfaceOrientationPortraitUpsideDown UIInterfaceOrientationLandscapeLeft UIInterfaceOrientationLandscapeRight";
				INFOPLIST_KEY_UISupportedInterfaceOrientations_iPhone = "UIInterfaceOrientationPortrait UIInterfaceOrientationLandscapeLeft UIInterfaceOrientationLandscapeRight";
				LD_RUNPATH_SEARCH_PATHS = (
					"$(inherited)",
					"@executable_path/Frameworks",
				);
				MARKETING_VERSION = 1.0;
				OTHER_SWIFT_FLAGS = "";
				PRODUCT_BUNDLE_IDENTIFIER = v.sklyarov.EMCDtestApiAPP;
				PRODUCT_NAME = "$(TARGET_NAME)";
				SWIFT_EMIT_LOC_STRINGS = YES;
				SWIFT_VERSION = 5.0;
				TARGETED_DEVICE_FAMILY = "1,2";
			};
			name = Debug;
		};
		1FD3C23D282A7F3C00076FC8 /* Release */ = {
			isa = XCBuildConfiguration;
			buildSettings = {
				ASSETCATALOG_COMPILER_APPICON_NAME = AppIcon;
				ASSETCATALOG_COMPILER_GLOBAL_ACCENT_COLOR_NAME = AccentColor;
				CODE_SIGN_STYLE = Automatic;
				CURRENT_PROJECT_VERSION = 1;
				DEVELOPMENT_TEAM = 98475HPPFS;
				GENERATE_INFOPLIST_FILE = YES;
				INFOPLIST_FILE = EMCDtestApiAPP/Info.plist;
				INFOPLIST_KEY_UIApplicationSupportsIndirectInputEvents = YES;
				INFOPLIST_KEY_UILaunchStoryboardName = LaunchScreen;
				INFOPLIST_KEY_UIMainStoryboardFile = Main;
				INFOPLIST_KEY_UISupportedInterfaceOrientations_iPad = "UIInterfaceOrientationPortrait UIInterfaceOrientationPortraitUpsideDown UIInterfaceOrientationLandscapeLeft UIInterfaceOrientationLandscapeRight";
				INFOPLIST_KEY_UISupportedInterfaceOrientations_iPhone = "UIInterfaceOrientationPortrait UIInterfaceOrientationLandscapeLeft UIInterfaceOrientationLandscapeRight";
				LD_RUNPATH_SEARCH_PATHS = (
					"$(inherited)",
					"@executable_path/Frameworks",
				);
				MARKETING_VERSION = 1.0;
				OTHER_SWIFT_FLAGS = "";
				PRODUCT_BUNDLE_IDENTIFIER = v.sklyarov.EMCDtestApiAPP;
				PRODUCT_NAME = "$(TARGET_NAME)";
				SWIFT_EMIT_LOC_STRINGS = YES;
				SWIFT_VERSION = 5.0;
				TARGETED_DEVICE_FAMILY = "1,2";
			};
			name = Release;
		};
/* End XCBuildConfiguration section */

/* Begin XCConfigurationList section */
		1FD3C222282A7F3A00076FC8 /* Build configuration list for PBXProject "EMCDtestApiAPP" */ = {
			isa = XCConfigurationList;
			buildConfigurations = (
				1FD3C239282A7F3C00076FC8 /* Debug */,
				1FD3C23A282A7F3C00076FC8 /* Release */,
			);
			defaultConfigurationIsVisible = 0;
			defaultConfigurationName = Release;
		};
		1FD3C23B282A7F3C00076FC8 /* Build configuration list for PBXNativeTarget "EMCDtestApiAPP" */ = {
			isa = XCConfigurationList;
			buildConfigurations = (
				1FD3C23C282A7F3C00076FC8 /* Debug */,
				1FD3C23D282A7F3C00076FC8 /* Release */,
			);
			defaultConfigurationIsVisible = 0;
			defaultConfigurationName = Release;
		};
/* End XCConfigurationList section */

/* Begin XCRemoteSwiftPackageReference section */
		1F5BF269282A9FBD004E0348 /* XCRemoteSwiftPackageReference "Moya" */ = {
			isa = XCRemoteSwiftPackageReference;
			repositoryURL = "https://github.com/Moya/Moya.git";
			requirement = {
				kind = exactVersion;
				version = 15.0.0;
			};
		};
/* End XCRemoteSwiftPackageReference section */

/* Begin XCSwiftPackageProductDependency section */
		1F5BF26A282A9FBD004E0348 /* Moya */ = {
			isa = XCSwiftPackageProductDependency;
			package = 1F5BF269282A9FBD004E0348 /* XCRemoteSwiftPackageReference "Moya" */;
			productName = Moya;
		};
		1F5BF26C282A9FBD004E0348 /* ReactiveMoya */ = {
			isa = XCSwiftPackageProductDependency;
			package = 1F5BF269282A9FBD004E0348 /* XCRemoteSwiftPackageReference "Moya" */;
			productName = ReactiveMoya;
		};
/* End XCSwiftPackageProductDependency section */
	};
	rootObject = 1FD3C21F282A7F3A00076FC8 /* Project object */;
}
